
Microsoft Visual Studio Solution File, Format Version 12.00
# Visual Studio Version 16
VisualStudioVersion = 16.0.30804.86
MinimumVisualStudioVersion = 10.0.40219.1
Project("{8BC9CEB8-8B4A-11D0-8D11-00A0C91BC942}") = "Emulator_8080", "Emulator_8080.vcxproj", "{D6C7622B-0829-4622-9B85-B71EEB133879}"
EndProject
Global
	GlobalSection(SolutionConfigurationPlatforms) = preSolution
		Debug|x64 = Debug|x64
		Debug|x86 = Debug|x86
		Release|x64 = Release|x64
		Release|x86 = Release|x86
	EndGlobalSection
	GlobalSection(ProjectConfigurationPlatforms) = postSolution
		{D6C7622B-0829-4622-9B85-B71EEB133879}.Debug|x64.ActiveCfg = Debug|x64
		{D6C7622B-0829-4622-9B85-B71EEB133879}.Debug|x64.Build.0 = Debug|x64
		{D6C7622B-0829-4622-9B85-B71EEB133879}.Debug|x86.ActiveCfg = Debug|Win32
		{D6C7622B-0829-4622-9B85-B71EEB133879}.Debug|x86.Build.0 = Debug|Win32
		{D6C7622B-0829-4622-9B85-B71EEB133879}.Release|x64.ActiveCfg = Release|x64
		{D6C7622B-0829-4622-9B85-B71EEB133879}.Release|x64.Build.0 = Release|x64
		{D6C7622B-0829-4622-9B85-B71EEB133879}.Release|x86.ActiveCfg = Release|Win32
		{D6C7622B-0829-4622-9B85-B71EEB133879}.Release|x86.Build.0 = Release|Win32
	EndGlobalSection
	GlobalSection(SolutionProperties) = preSolution
		HideSolutionNode = FALSE
	EndGlobalSection
	GlobalSection(ExtensibilityGlobals) = postSolution
		SolutionGuid = {A54E6B7C-2AA2-4C73-895C-202F2E2DA2E0}
	EndGlobalSection
EndGlobal
